dependencies:
- name: cs-secrets
  repository: https://artifactory.otxlab.net/artifactory/BPhelm
  version: "23.2"
- name: kafka-secrets
  repository: https://artifactory.otxlab.net/artifactory/BPhelm
  version: "23.2"
- name: kafka-configMap
  repository: https://artifactory.otxlab.net/artifactory/BPhelm
  version: "23.2"
- name: zookeeper-statefulset
  repository: https://artifactory.otxlab.net/artifactory/BPhelm
  version: "23.2"
- name: kafka-statefulset
  repository: https://artifactory.otxlab.net/artifactory/BPhelm
  version: "23.2"
- name: db
  repository: https://artifactory.otxlab.net/artifactory/BPhelm
  version: "15.2"
- name: cs-logging-configMap
  repository: https://artifactory.otxlab.net/artifactory/BPhelm
  version: "23.2"
- name: docbroker
  repository: https://artifactory.otxlab.net/artifactory/BPhelm
  version: "23.2"
- name: content-server
  repository: https://artifactory.otxlab.net/artifactory/BPhelm
  version: "23.2"
- name: dctm-ingress
  repository: https://artifactory.otxlab.net/artifactory/BPhelm
  version: "23.2"
- name: cs-dfc-properties
  repository: https://artifactory.otxlab.net/artifactory/BPhelm
  version: "23.2"
- name: dtrbase
  repository: https://artifactory.otxlab.net/artifactory/BPhelm
  version: 22.4.1
- name: dctm-rest
  repository: https://artifactory.otxlab.net/artifactory/BPhelm
  version: "23.2"
- name: dctm-workflow-designer
  repository: https://artifactory.otxlab.net/artifactory/BPhelm
  version: "23.2"
- name: contentconnect
  repository: https://artifactory.otxlab.net/artifactory/BPhelm
  version: "23.2"
- name: da
  repository: https://artifactory.otxlab.net/artifactory/BPhelm
  version: "23.2"
- name: dfs
  repository: https://artifactory.otxlab.net/artifactory/BPhelm
  version: "23.2"
- name: records
  repository: https://artifactory.otxlab.net/artifactory/BPhelm
  version: "23.2"
- name: rqm
  repository: https://artifactory.otxlab.net/artifactory/BPhelm
  version: "23.2"
- name: otds
  repository: https://artifactory.otxlab.net/artifactory/BPhelm
  version: 23.1.1
- name: dctm-dcc
  repository: https://artifactory.otxlab.net/artifactory/BPhelm
  version: "22.4"
digest: sha256:0fa9d2a7810c5989c163fd3f461c2cd53c8a49a06c297079ec230dbdad37e823
generated: "2023-04-06T05:30:27.897222487Z"
